{
  "name": "app",
  "version": "1.0.0",
  "lockfileVersion": 1,
  "requires": true,
  "dependencies": {
    "copy-dir": {
      "version": "0.3.0",
      "resolved": "https://registry.npmjs.org/copy-dir/-/copy-dir-0.3.0.tgz",
      "integrity": "sha1-3rLcL6nJKQ7UfIQVWpmabUX1o1g=",
      "requires": {
        "mkdir-p": "0.0.7"
      }
    },
    "diskspace": {
      "version": "2.0.0",
      "resolved": "https://registry.npmjs.org/diskspace/-/diskspace-2.0.0.tgz",
      "integrity": "sha1-/eO4jVzV4V0Je7QuVQcz4liMyRM="
    },
    "mkdir-p": {
      "version": "0.0.7",
      "resolved": "https://registry.npmjs.org/mkdir-p/-/mkdir-p-0.0.7.tgz",
      "integrity": "sha1-JMXb4m2jqZ7xWKHu+aXC3Z3laDw="
    }
  }
}
